
Microsoft Visual Studio Solution File, Format Version 12.00
# Visual Studio Version 16
VisualStudioVersion = 16.0.30114.105
MinimumVisualStudioVersion = 10.0.40219.1
Project("{FAE04EC0-301F-11D3-BF4B-00C04F79EFBC}") = "Client", "Client\Client.csproj", "{2701EB0A-30E9-420B-9916-3DCFD7B6FD16}"
EndProject
Project("{FAE04EC0-301F-11D3-BF4B-00C04F79EFBC}") = "Application", "Application\Application.csproj", "{B39ECDED-2F90-431B-8689-0DDC8F80A55B}"
EndProject
Project("{FAE04EC0-301F-11D3-BF4B-00C04F79EFBC}") = "Domain", "Domain\Domain.csproj", "{F62A9E17-0A52-4E6A-A866-36F3AA5D0C05}"
EndProject
Project("{FAE04EC0-301F-11D3-BF4B-00C04F79EFBC}") = "Infrastructure", "Infrastructure\Infrastructure.csproj", "{4F0BDF73-CFF7-473F-9076-8C70249949A8}"
EndProject
Global
	GlobalSection(SolutionConfigurationPlatforms) = preSolution
		Debug|Any CPU = Debug|Any CPU
		Release|Any CPU = Release|Any CPU
	EndGlobalSection
	GlobalSection(SolutionProperties) = preSolution
		HideSolutionNode = FALSE
	EndGlobalSection
	GlobalSection(ProjectConfigurationPlatforms) = postSolution
		{2701EB0A-30E9-420B-9916-3DCFD7B6FD16}.Debug|Any CPU.ActiveCfg = Debug|Any CPU
		{2701EB0A-30E9-420B-9916-3DCFD7B6FD16}.Debug|Any CPU.Build.0 = Debug|Any CPU
		{2701EB0A-30E9-420B-9916-3DCFD7B6FD16}.Release|Any CPU.ActiveCfg = Release|Any CPU
		{2701EB0A-30E9-420B-9916-3DCFD7B6FD16}.Release|Any CPU.Build.0 = Release|Any CPU
		{B39ECDED-2F90-431B-8689-0DDC8F80A55B}.Debug|Any CPU.ActiveCfg = Debug|Any CPU
		{B39ECDED-2F90-431B-8689-0DDC8F80A55B}.Debug|Any CPU.Build.0 = Debug|Any CPU
		{B39ECDED-2F90-431B-8689-0DDC8F80A55B}.Release|Any CPU.ActiveCfg = Release|Any CPU
		{B39ECDED-2F90-431B-8689-0DDC8F80A55B}.Release|Any CPU.Build.0 = Release|Any CPU
		{F62A9E17-0A52-4E6A-A866-36F3AA5D0C05}.Debug|Any CPU.ActiveCfg = Debug|Any CPU
		{F62A9E17-0A52-4E6A-A866-36F3AA5D0C05}.Debug|Any CPU.Build.0 = Debug|Any CPU
		{F62A9E17-0A52-4E6A-A866-36F3AA5D0C05}.Release|Any CPU.ActiveCfg = Release|Any CPU
		{F62A9E17-0A52-4E6A-A866-36F3AA5D0C05}.Release|Any CPU.Build.0 = Release|Any CPU
		{4F0BDF73-CFF7-473F-9076-8C70249949A8}.Debug|Any CPU.ActiveCfg = Debug|Any CPU
		{4F0BDF73-CFF7-473F-9076-8C70249949A8}.Debug|Any CPU.Build.0 = Debug|Any CPU
		{4F0BDF73-CFF7-473F-9076-8C70249949A8}.Release|Any CPU.ActiveCfg = Release|Any CPU
		{4F0BDF73-CFF7-473F-9076-8C70249949A8}.Release|Any CPU.Build.0 = Release|Any CPU
	EndGlobalSection
EndGlobal
